
Microsoft Visual Studio Solution File, Format Version 12.00
# Visual Studio Version 16
VisualStudioVersion = 16.0.30320.27
MinimumVisualStudioVersion = 10.0.40219.1
Project("{888888A0-9F3D-457C-B088-3A5042F75D52}") = "Json from the Page", "Json from the Page.pyproj", "{CE4DD1EA-3178-4606-BBC5-D1914341A97B}"
EndProject
Global
	GlobalSection(SolutionConfigurationPlatforms) = preSolution
		Debug|Any CPU = Debug|Any CPU
		Release|Any CPU = Release|Any CPU
	EndGlobalSection
	GlobalSection(ProjectConfigurationPlatforms) = postSolution
		{CE4DD1EA-3178-4606-BBC5-D1914341A97B}.Debug|Any CPU.ActiveCfg = Debug|Any CPU
		{CE4DD1EA-3178-4606-BBC5-D1914341A97B}.Release|Any CPU.ActiveCfg = Release|Any CPU
	EndGlobalSection
	GlobalSection(SolutionProperties) = preSolution
		HideSolutionNode = FALSE
	EndGlobalSection
	GlobalSection(ExtensibilityGlobals) = postSolution
		SolutionGuid = {D60A7A7D-153E-4F04-8E2E-D0F9DD244558}
	EndGlobalSection
EndGlobal
