
Microsoft Visual Studio Solution File, Format Version 12.00
# Visual Studio Version 16
VisualStudioVersion = 16.0.30320.27
MinimumVisualStudioVersion = 10.0.40219.1
Project("{888888A0-9F3D-457C-B088-3A5042F75D52}") = "Funkcje generujące - słowo yield", "Funkcje generujące - słowo yield.pyproj", "{50B22610-9353-45F9-9350-D1DAF0374EFA}"
EndProject
Global
	GlobalSection(SolutionConfigurationPlatforms) = preSolution
		Debug|Any CPU = Debug|Any CPU
		Release|Any CPU = Release|Any CPU
	EndGlobalSection
	GlobalSection(ProjectConfigurationPlatforms) = postSolution
		{50B22610-9353-45F9-9350-D1DAF0374EFA}.Debug|Any CPU.ActiveCfg = Debug|Any CPU
		{50B22610-9353-45F9-9350-D1DAF0374EFA}.Release|Any CPU.ActiveCfg = Release|Any CPU
	EndGlobalSection
	GlobalSection(SolutionProperties) = preSolution
		HideSolutionNode = FALSE
	EndGlobalSection
	GlobalSection(ExtensibilityGlobals) = postSolution
		SolutionGuid = {8FFFA251-5E08-4AAF-892C-259679F9B9DE}
	EndGlobalSection
EndGlobal
