
Microsoft Visual Studio Solution File, Format Version 12.00
# Visual Studio Version 16
VisualStudioVersion = 16.0.30320.27
MinimumVisualStudioVersion = 10.0.40219.1
Project("{888888A0-9F3D-457C-B088-3A5042F75D52}") = "Fakty o kotach", "Fakty o kotach.pyproj", "{2398D261-3FE7-436F-AC7F-65160137D9F9}"
EndProject
Global
	GlobalSection(SolutionConfigurationPlatforms) = preSolution
		Debug|Any CPU = Debug|Any CPU
		Release|Any CPU = Release|Any CPU
	EndGlobalSection
	GlobalSection(ProjectConfigurationPlatforms) = postSolution
		{2398D261-3FE7-436F-AC7F-65160137D9F9}.Debug|Any CPU.ActiveCfg = Debug|Any CPU
		{2398D261-3FE7-436F-AC7F-65160137D9F9}.Release|Any CPU.ActiveCfg = Release|Any CPU
	EndGlobalSection
	GlobalSection(SolutionProperties) = preSolution
		HideSolutionNode = FALSE
	EndGlobalSection
	GlobalSection(ExtensibilityGlobals) = postSolution
		SolutionGuid = {9D7834FA-B54E-4679-BC58-CE05FAB4900C}
	EndGlobalSection
EndGlobal
