
Microsoft Visual Studio Solution File, Format Version 12.00
# Visual Studio Version 16
VisualStudioVersion = 16.0.30320.27
MinimumVisualStudioVersion = 10.0.40219.1
Project("{888888A0-9F3D-457C-B088-3A5042F75D52}") = "Autoryzacja przez klucz", "Autoryzacja przez klucz.pyproj", "{F98D7B15-F30D-42D5-A427-4FCDFE0DB51D}"
EndProject
Global
	GlobalSection(SolutionConfigurationPlatforms) = preSolution
		Debug|Any CPU = Debug|Any CPU
		Release|Any CPU = Release|Any CPU
	EndGlobalSection
	GlobalSection(ProjectConfigurationPlatforms) = postSolution
		{F98D7B15-F30D-42D5-A427-4FCDFE0DB51D}.Debug|Any CPU.ActiveCfg = Debug|Any CPU
		{F98D7B15-F30D-42D5-A427-4FCDFE0DB51D}.Release|Any CPU.ActiveCfg = Release|Any CPU
	EndGlobalSection
	GlobalSection(SolutionProperties) = preSolution
		HideSolutionNode = FALSE
	EndGlobalSection
	GlobalSection(ExtensibilityGlobals) = postSolution
		SolutionGuid = {CCF805C2-84F7-4B0E-93C4-55E34F2CD2CD}
	EndGlobalSection
EndGlobal
