
Microsoft Visual Studio Solution File, Format Version 12.00
# Visual Studio Version 16
VisualStudioVersion = 16.0.30320.27
MinimumVisualStudioVersion = 10.0.40219.1
Project("{888888A0-9F3D-457C-B088-3A5042F75D52}") = "Split names and surnames", "Split names and surnames.pyproj", "{D92ABFE7-4E09-4FE5-8783-E0F002E77B6B}"
EndProject
Global
	GlobalSection(SolutionConfigurationPlatforms) = preSolution
		Debug|Any CPU = Debug|Any CPU
		Release|Any CPU = Release|Any CPU
	EndGlobalSection
	GlobalSection(ProjectConfigurationPlatforms) = postSolution
		{D92ABFE7-4E09-4FE5-8783-E0F002E77B6B}.Debug|Any CPU.ActiveCfg = Debug|Any CPU
		{D92ABFE7-4E09-4FE5-8783-E0F002E77B6B}.Release|Any CPU.ActiveCfg = Release|Any CPU
	EndGlobalSection
	GlobalSection(SolutionProperties) = preSolution
		HideSolutionNode = FALSE
	EndGlobalSection
	GlobalSection(ExtensibilityGlobals) = postSolution
		SolutionGuid = {4E03ACE3-396A-41D0-A96B-355006F2D284}
	EndGlobalSection
EndGlobal
